
Microsoft Visual Studio Solution File, Format Version 12.00
# Visual Studio 15
VisualStudioVersion = 15.0.28307.1000
MinimumVisualStudioVersion = 10.0.40219.1
Project("{FAE04EC0-301F-11D3-BF4B-00C04F79EFBC}") = "Model", "Model\Model.csproj", "{B3814AB1-45EB-45EB-8AB7-FAB66C14F914}"
EndProject
Project("{FAE04EC0-301F-11D3-BF4B-00C04F79EFBC}") = "DAL", "DAL\DAL.csproj", "{7FB8AA05-A2C0-4FAF-8013-31AA24D5025E}"
EndProject
Project("{FAE04EC0-301F-11D3-BF4B-00C04F79EFBC}") = "BLL", "BLL\BLL.csproj", "{2F9719C3-FEE0-4BA1-B1C4-42A173C50DA1}"
EndProject
Project("{FAE04EC0-301F-11D3-BF4B-00C04F79EFBC}") = "QueryReport", "QueryReport\QueryReport.csproj", "{0DAB3F28-B2C7-4985-904D-71ADCD9C3F70}"
EndProject
Project("{FAE04EC0-301F-11D3-BF4B-00C04F79EFBC}") = "Common", "Common\Common.csproj", "{084CD930-5B88-40A8-A521-71DD2321642A}"
EndProject
Project("{2150E333-8FDC-42A3-9474-1A3956D46DE8}") = "Solution Items", "Solution Items", "{C21861A3-E21D-4BA9-B598-F987BDEE0723}"
	ProjectSection(SolutionItems) = preProject
		CodeAnalysis\DLL.ruleset = CodeAnalysis\DLL.ruleset
	EndProjectSection
EndProject
Project("{FAE04EC0-301F-11D3-BF4B-00C04F79EFBC}") = "UnitTestProject1", "UnitTestProject1\UnitTestProject1.csproj", "{CCB6B631-D023-4FF9-9490-9A2A9EE07874}"
EndProject
Global
	GlobalSection(SolutionConfigurationPlatforms) = preSolution
		Debug|Any CPU = Debug|Any CPU
		LocalIIS|Any CPU = LocalIIS|Any CPU
		noordin_demo|Any CPU = noordin_demo|Any CPU
		noordin_T430|Any CPU = noordin_T430|Any CPU
		Release|Any CPU = Release|Any CPU
		VM-HRW701|Any CPU = VM-HRW701|Any CPU
		VM-HRW702|Any CPU = VM-HRW702|Any CPU
	EndGlobalSection
	GlobalSection(ProjectConfigurationPlatforms) = postSolution
		{B3814AB1-45EB-45EB-8AB7-FAB66C14F914}.Debug|Any CPU.ActiveCfg = Debug|Any CPU
		{B3814AB1-45EB-45EB-8AB7-FAB66C14F914}.Debug|Any CPU.Build.0 = Debug|Any CPU
		{B3814AB1-45EB-45EB-8AB7-FAB66C14F914}.LocalIIS|Any CPU.ActiveCfg = LocalIIS|Any CPU
		{B3814AB1-45EB-45EB-8AB7-FAB66C14F914}.LocalIIS|Any CPU.Build.0 = LocalIIS|Any CPU
		{B3814AB1-45EB-45EB-8AB7-FAB66C14F914}.noordin_demo|Any CPU.ActiveCfg = noordin_demo|Any CPU
		{B3814AB1-45EB-45EB-8AB7-FAB66C14F914}.noordin_demo|Any CPU.Build.0 = noordin_demo|Any CPU
		{B3814AB1-45EB-45EB-8AB7-FAB66C14F914}.noordin_T430|Any CPU.ActiveCfg = noordin_T430|Any CPU
		{B3814AB1-45EB-45EB-8AB7-FAB66C14F914}.noordin_T430|Any CPU.Build.0 = noordin_T430|Any CPU
		{B3814AB1-45EB-45EB-8AB7-FAB66C14F914}.Release|Any CPU.ActiveCfg = Release|Any CPU
		{B3814AB1-45EB-45EB-8AB7-FAB66C14F914}.Release|Any CPU.Build.0 = Release|Any CPU
		{B3814AB1-45EB-45EB-8AB7-FAB66C14F914}.VM-HRW701|Any CPU.ActiveCfg = VM-HRW701|Any CPU
		{B3814AB1-45EB-45EB-8AB7-FAB66C14F914}.VM-HRW701|Any CPU.Build.0 = VM-HRW701|Any CPU
		{B3814AB1-45EB-45EB-8AB7-FAB66C14F914}.VM-HRW702|Any CPU.ActiveCfg = VM-HRW702|Any CPU
		{B3814AB1-45EB-45EB-8AB7-FAB66C14F914}.VM-HRW702|Any CPU.Build.0 = VM-HRW702|Any CPU
		{7FB8AA05-A2C0-4FAF-8013-31AA24D5025E}.Debug|Any CPU.ActiveCfg = Debug|Any CPU
		{7FB8AA05-A2C0-4FAF-8013-31AA24D5025E}.Debug|Any CPU.Build.0 = Debug|Any CPU
		{7FB8AA05-A2C0-4FAF-8013-31AA24D5025E}.LocalIIS|Any CPU.ActiveCfg = LocalIIS|Any CPU
		{7FB8AA05-A2C0-4FAF-8013-31AA24D5025E}.LocalIIS|Any CPU.Build.0 = LocalIIS|Any CPU
		{7FB8AA05-A2C0-4FAF-8013-31AA24D5025E}.noordin_demo|Any CPU.ActiveCfg = noordin_demo|Any CPU
		{7FB8AA05-A2C0-4FAF-8013-31AA24D5025E}.noordin_demo|Any CPU.Build.0 = noordin_demo|Any CPU
		{7FB8AA05-A2C0-4FAF-8013-31AA24D5025E}.noordin_T430|Any CPU.ActiveCfg = noordin_T430|Any CPU
		{7FB8AA05-A2C0-4FAF-8013-31AA24D5025E}.noordin_T430|Any CPU.Build.0 = noordin_T430|Any CPU
		{7FB8AA05-A2C0-4FAF-8013-31AA24D5025E}.Release|Any CPU.ActiveCfg = Release|Any CPU
		{7FB8AA05-A2C0-4FAF-8013-31AA24D5025E}.Release|Any CPU.Build.0 = Release|Any CPU
		{7FB8AA05-A2C0-4FAF-8013-31AA24D5025E}.VM-HRW701|Any CPU.ActiveCfg = VM-HRW701|Any CPU
		{7FB8AA05-A2C0-4FAF-8013-31AA24D5025E}.VM-HRW701|Any CPU.Build.0 = VM-HRW701|Any CPU
		{7FB8AA05-A2C0-4FAF-8013-31AA24D5025E}.VM-HRW702|Any CPU.ActiveCfg = VM-HRW702|Any CPU
		{7FB8AA05-A2C0-4FAF-8013-31AA24D5025E}.VM-HRW702|Any CPU.Build.0 = VM-HRW702|Any CPU
		{2F9719C3-FEE0-4BA1-B1C4-42A173C50DA1}.Debug|Any CPU.ActiveCfg = Debug|Any CPU
		{2F9719C3-FEE0-4BA1-B1C4-42A173C50DA1}.Debug|Any CPU.Build.0 = Debug|Any CPU
		{2F9719C3-FEE0-4BA1-B1C4-42A173C50DA1}.LocalIIS|Any CPU.ActiveCfg = LocalIIS|Any CPU
		{2F9719C3-FEE0-4BA1-B1C4-42A173C50DA1}.LocalIIS|Any CPU.Build.0 = LocalIIS|Any CPU
		{2F9719C3-FEE0-4BA1-B1C4-42A173C50DA1}.noordin_demo|Any CPU.ActiveCfg = noordin_demo|Any CPU
		{2F9719C3-FEE0-4BA1-B1C4-42A173C50DA1}.noordin_demo|Any CPU.Build.0 = noordin_demo|Any CPU
		{2F9719C3-FEE0-4BA1-B1C4-42A173C50DA1}.noordin_T430|Any CPU.ActiveCfg = noordin_T430|Any CPU
		{2F9719C3-FEE0-4BA1-B1C4-42A173C50DA1}.noordin_T430|Any CPU.Build.0 = noordin_T430|Any CPU
		{2F9719C3-FEE0-4BA1-B1C4-42A173C50DA1}.Release|Any CPU.ActiveCfg = Release|Any CPU
		{2F9719C3-FEE0-4BA1-B1C4-42A173C50DA1}.Release|Any CPU.Build.0 = Release|Any CPU
		{2F9719C3-FEE0-4BA1-B1C4-42A173C50DA1}.VM-HRW701|Any CPU.ActiveCfg = VM-HRW701|Any CPU
		{2F9719C3-FEE0-4BA1-B1C4-42A173C50DA1}.VM-HRW701|Any CPU.Build.0 = VM-HRW701|Any CPU
		{2F9719C3-FEE0-4BA1-B1C4-42A173C50DA1}.VM-HRW702|Any CPU.ActiveCfg = VM-HRW702|Any CPU
		{2F9719C3-FEE0-4BA1-B1C4-42A173C50DA1}.VM-HRW702|Any CPU.Build.0 = VM-HRW702|Any CPU
		{0DAB3F28-B2C7-4985-904D-71ADCD9C3F70}.Debug|Any CPU.ActiveCfg = Debug|Any CPU
		{0DAB3F28-B2C7-4985-904D-71ADCD9C3F70}.Debug|Any CPU.Build.0 = Debug|Any CPU
		{0DAB3F28-B2C7-4985-904D-71ADCD9C3F70}.LocalIIS|Any CPU.ActiveCfg = LocalIIS|Any CPU
		{0DAB3F28-B2C7-4985-904D-71ADCD9C3F70}.LocalIIS|Any CPU.Build.0 = LocalIIS|Any CPU
		{0DAB3F28-B2C7-4985-904D-71ADCD9C3F70}.noordin_demo|Any CPU.ActiveCfg = noordin_demo|Any CPU
		{0DAB3F28-B2C7-4985-904D-71ADCD9C3F70}.noordin_demo|Any CPU.Build.0 = noordin_demo|Any CPU
		{0DAB3F28-B2C7-4985-904D-71ADCD9C3F70}.noordin_T430|Any CPU.ActiveCfg = noordin_T430|Any CPU
		{0DAB3F28-B2C7-4985-904D-71ADCD9C3F70}.noordin_T430|Any CPU.Build.0 = noordin_T430|Any CPU
		{0DAB3F28-B2C7-4985-904D-71ADCD9C3F70}.Release|Any CPU.ActiveCfg = Release|Any CPU
		{0DAB3F28-B2C7-4985-904D-71ADCD9C3F70}.Release|Any CPU.Build.0 = Release|Any CPU
		{0DAB3F28-B2C7-4985-904D-71ADCD9C3F70}.VM-HRW701|Any CPU.ActiveCfg = VM-HRW701|Any CPU
		{0DAB3F28-B2C7-4985-904D-71ADCD9C3F70}.VM-HRW701|Any CPU.Build.0 = VM-HRW701|Any CPU
		{0DAB3F28-B2C7-4985-904D-71ADCD9C3F70}.VM-HRW702|Any CPU.ActiveCfg = VM-HRW702|Any CPU
		{0DAB3F28-B2C7-4985-904D-71ADCD9C3F70}.VM-HRW702|Any CPU.Build.0 = VM-HRW702|Any CPU
		{084CD930-5B88-40A8-A521-71DD2321642A}.Debug|Any CPU.ActiveCfg = Debug|Any CPU
		{084CD930-5B88-40A8-A521-71DD2321642A}.Debug|Any CPU.Build.0 = Debug|Any CPU
		{084CD930-5B88-40A8-A521-71DD2321642A}.LocalIIS|Any CPU.ActiveCfg = LocalIIS|Any CPU
		{084CD930-5B88-40A8-A521-71DD2321642A}.LocalIIS|Any CPU.Build.0 = LocalIIS|Any CPU
		{084CD930-5B88-40A8-A521-71DD2321642A}.noordin_demo|Any CPU.ActiveCfg = noordin_demo|Any CPU
		{084CD930-5B88-40A8-A521-71DD2321642A}.noordin_demo|Any CPU.Build.0 = noordin_demo|Any CPU
		{084CD930-5B88-40A8-A521-71DD2321642A}.noordin_T430|Any CPU.ActiveCfg = noordin_T430|Any CPU
		{084CD930-5B88-40A8-A521-71DD2321642A}.noordin_T430|Any CPU.Build.0 = noordin_T430|Any CPU
		{084CD930-5B88-40A8-A521-71DD2321642A}.Release|Any CPU.ActiveCfg = Release|Any CPU
		{084CD930-5B88-40A8-A521-71DD2321642A}.Release|Any CPU.Build.0 = Release|Any CPU
		{084CD930-5B88-40A8-A521-71DD2321642A}.VM-HRW701|Any CPU.ActiveCfg = VM-HRW701|Any CPU
		{084CD930-5B88-40A8-A521-71DD2321642A}.VM-HRW701|Any CPU.Build.0 = VM-HRW701|Any CPU
		{084CD930-5B88-40A8-A521-71DD2321642A}.VM-HRW702|Any CPU.ActiveCfg = VM-HRW702|Any CPU
		{084CD930-5B88-40A8-A521-71DD2321642A}.VM-HRW702|Any CPU.Build.0 = VM-HRW702|Any CPU
		{CCB6B631-D023-4FF9-9490-9A2A9EE07874}.Debug|Any CPU.ActiveCfg = Debug|Any CPU
		{CCB6B631-D023-4FF9-9490-9A2A9EE07874}.Debug|Any CPU.Build.0 = Debug|Any CPU
		{CCB6B631-D023-4FF9-9490-9A2A9EE07874}.LocalIIS|Any CPU.ActiveCfg = Release|Any CPU
		{CCB6B631-D023-4FF9-9490-9A2A9EE07874}.LocalIIS|Any CPU.Build.0 = Release|Any CPU
		{CCB6B631-D023-4FF9-9490-9A2A9EE07874}.noordin_demo|Any CPU.ActiveCfg = Release|Any CPU
		{CCB6B631-D023-4FF9-9490-9A2A9EE07874}.noordin_demo|Any CPU.Build.0 = Release|Any CPU
		{CCB6B631-D023-4FF9-9490-9A2A9EE07874}.noordin_T430|Any CPU.ActiveCfg = Release|Any CPU
		{CCB6B631-D023-4FF9-9490-9A2A9EE07874}.noordin_T430|Any CPU.Build.0 = Release|Any CPU
		{CCB6B631-D023-4FF9-9490-9A2A9EE07874}.Release|Any CPU.ActiveCfg = Release|Any CPU
		{CCB6B631-D023-4FF9-9490-9A2A9EE07874}.Release|Any CPU.Build.0 = Release|Any CPU
		{CCB6B631-D023-4FF9-9490-9A2A9EE07874}.VM-HRW701|Any CPU.ActiveCfg = Release|Any CPU
		{CCB6B631-D023-4FF9-9490-9A2A9EE07874}.VM-HRW701|Any CPU.Build.0 = Release|Any CPU
		{CCB6B631-D023-4FF9-9490-9A2A9EE07874}.VM-HRW702|Any CPU.ActiveCfg = Release|Any CPU
		{CCB6B631-D023-4FF9-9490-9A2A9EE07874}.VM-HRW702|Any CPU.Build.0 = Release|Any CPU
	EndGlobalSection
	GlobalSection(SolutionProperties) = preSolution
		HideSolutionNode = FALSE
	EndGlobalSection
	GlobalSection(ExtensibilityGlobals) = postSolution
		SolutionGuid = {2BFB2C56-1565-4E25-8499-BE97B2EF5D92}
	EndGlobalSection
EndGlobal
